# This file is automatically @generated by Poetry 2.3.4 and should not be changed by hand.

[[package]]
name = "pokerkit"
version = "0.7.3"
description = "An open-source Python library for poker game simulations, hand evaluations, and statistical analysis"
optional = false
python-versions = ">=3.11"
groups = ["main"]
files = [
    {file = "pokerkit-0.7.3-py3-none-any.whl", hash = "sha256:b03240dbe224ae627d94be2995ee39511d139ae54c768ec92b13d2606d4280d7"},
    {file = "pokerkit-0.7.3.tar.gz", hash = "sha256:16a13b08b51ef360bc8ed5e8202543ac92fe4d782f3fec1c94d7b50187b6f21f"},
]

[metadata]
lock-version = "2.1"
python-versions = ">=3.11"
content-hash = "b231831935e54e23728d63697f91776a3a8cfd04ce430f1b150b9e6bea85676c"
